
Microsoft Visual Studio Solution File, Format Version 12.00
# Visual Studio 15
VisualStudioVersion = 15.0.27428.2037
MinimumVisualStudioVersion = 10.0.40219.1
Project("{8BC9CEB8-8B4A-11D0-8D11-00A0C91BC942}") = "DummyProg", "DummyProg\DummyProg.vcxproj", "{C7167C5C-EEFF-473E-A16E-9ECFAD12000C}"
EndProject
Global
	GlobalSection(SolutionConfigurationPlatforms) = preSolution
		Debug|x64 = Debug|x64
		Debug|x86 = Debug|x86
		Release|x64 = Release|x64
		Release|x86 = Release|x86
	EndGlobalSection
	GlobalSection(ProjectConfigurationPlatforms) = postSolution
		{C7167C5C-EEFF-473E-A16E-9ECFAD12000C}.Debug|x64.ActiveCfg = Debug|x64
		{C7167C5C-EEFF-473E-A16E-9ECFAD12000C}.Debug|x64.Build.0 = Debug|x64
		{C7167C5C-EEFF-473E-A16E-9ECFAD12000C}.Debug|x86.ActiveCfg = Debug|Win32
		{C7167C5C-EEFF-473E-A16E-9ECFAD12000C}.Debug|x86.Build.0 = Debug|Win32
		{C7167C5C-EEFF-473E-A16E-9ECFAD12000C}.Release|x64.ActiveCfg = Release|x64
		{C7167C5C-EEFF-473E-A16E-9ECFAD12000C}.Release|x64.Build.0 = Release|x64
		{C7167C5C-EEFF-473E-A16E-9ECFAD12000C}.Release|x86.ActiveCfg = Release|Win32
		{C7167C5C-EEFF-473E-A16E-9ECFAD12000C}.Release|x86.Build.0 = Release|Win32
	EndGlobalSection
	GlobalSection(SolutionProperties) = preSolution
		HideSolutionNode = FALSE
	EndGlobalSection
	GlobalSection(ExtensibilityGlobals) = postSolution
		SolutionGuid = {E801D31F-3301-4CDC-A7C8-120FF96BCE07}
	EndGlobalSection
EndGlobal
