
Microsoft Visual Studio Solution File, Format Version 12.00
# Visual Studio 15
VisualStudioVersion = 15.0.28010.2003
MinimumVisualStudioVersion = 10.0.40219.1
Project("{8BC9CEB8-8B4A-11D0-8D11-00A0C91BC942}") = "PSMTest", "PSMTest\PSMTest.vcxproj", "{0EB9E094-3AE1-4DF0-A453-0030DE1DEA20}"
EndProject
Global
	GlobalSection(SolutionConfigurationPlatforms) = preSolution
		Debug|x64 = Debug|x64
		Debug|x86 = Debug|x86
		Release|x64 = Release|x64
		Release|x86 = Release|x86
	EndGlobalSection
	GlobalSection(ProjectConfigurationPlatforms) = postSolution
		{0EB9E094-3AE1-4DF0-A453-0030DE1DEA20}.Debug|x64.ActiveCfg = Debug|x64
		{0EB9E094-3AE1-4DF0-A453-0030DE1DEA20}.Debug|x64.Build.0 = Debug|x64
		{0EB9E094-3AE1-4DF0-A453-0030DE1DEA20}.Debug|x86.ActiveCfg = Debug|Win32
		{0EB9E094-3AE1-4DF0-A453-0030DE1DEA20}.Debug|x86.Build.0 = Debug|Win32
		{0EB9E094-3AE1-4DF0-A453-0030DE1DEA20}.Release|x64.ActiveCfg = Release|x64
		{0EB9E094-3AE1-4DF0-A453-0030DE1DEA20}.Release|x64.Build.0 = Release|x64
		{0EB9E094-3AE1-4DF0-A453-0030DE1DEA20}.Release|x86.ActiveCfg = Release|Win32
		{0EB9E094-3AE1-4DF0-A453-0030DE1DEA20}.Release|x86.Build.0 = Release|Win32
	EndGlobalSection
	GlobalSection(SolutionProperties) = preSolution
		HideSolutionNode = FALSE
	EndGlobalSection
	GlobalSection(ExtensibilityGlobals) = postSolution
		SolutionGuid = {72332802-D226-4F78-943D-3C021ED55727}
	EndGlobalSection
EndGlobal
